// !$*UTF8*$!
{
	archiveVersion = 1;
	classes = {
	};
	objectVersion = 50;
	objects = {

/* Begin PBXBuildFile section */
		6477D93A28176CD3003DE696 /* AppDelegate.swift in Sources */ = {isa = PBXBuildFile; fileRef = 6477D93928176CD3003DE696 /* AppDelegate.swift */; };
		6477D93C28176CD3003DE696 /* SceneDelegate.swift in Sources */ = {isa = PBXBuildFile; fileRef = 6477D93B28176CD3003DE696 /* SceneDelegate.swift */; };
		6477D93E28176CD3003DE696 /* ViewController.swift in Sources */ = {isa = PBXBuildFile; fileRef = 6477D93D28176CD3003DE696 /* ViewController.swift */; };
		6477D94128176CD3003DE696 /* Main.storyboard in Resources */ = {isa = PBXBuildFile; fileRef = 6477D93F28176CD3003DE696 /* Main.storyboard */; };
		6477D94328176CD7003DE696 /* Assets.xcassets in Resources */ = {isa = PBXBuildFile; fileRef = 6477D94228176CD7003DE696 /* Assets.xcassets */; };
		6477D94628176CD7003DE696 /* LaunchScreen.storyboard in Resources */ = {isa = PBXBuildFile; fileRef = 6477D94428176CD7003DE696 /* LaunchScreen.storyboard */; };
/* End PBXBuildFile section */

/* Begin PBXFileReference section */
		6477D93628176CD3003DE696 /* seletor_de_cores.app */ = {isa = PBXFileReference; explicitFileType = wrapper.application; includeInIndex = 0; path = seletor_de_cores.app; sourceTree = BUILT_PRODUCTS_DIR; };
		6477D93928176CD3003DE696 /* AppDelegate.swift */ = {isa = PBXFileReference; lastKnownFileType = sourcecode.swift; path = AppDelegate.swift; sourceTree = "<group>"; };
		6477D93B28176CD3003DE696 /* SceneDelegate.swift */ = {isa = PBXFileReference; lastKnownFileType = sourcecode.swift; path = SceneDelegate.swift; sourceTree = "<group>"; };
		6477D93D28176CD3003DE696 /* ViewController.swift */ = {isa = PBXFileReference; lastKnownFileType = sourcecode.swift; path = ViewController.swift; sourceTree = "<group>"; };
		6477D94028176CD3003DE696 /* Base */ = {isa = PBXFileReference; lastKnownFileType = file.storyboard; name = Base; path = Base.lproj/Main.storyboard; sourceTree = "<group>"; };
		6477D94228176CD7003DE696 /* Assets.xcassets */ = {isa = PBXFileReference; lastKnownFileType = folder.assetcatalog; path = Assets.xcassets; sourceTree = "<group>"; };
		6477D94528176CD7003DE696 /* Base */ = {isa = PBXFileReference; lastKnownFileType = file.storyboard; name = Base; path = Base.lproj/LaunchScreen.storyboard; sourceTree = "<group>"; };
		6477D94728176CD7003DE696 /* Info.plist */ = {isa = PBXFileReference; lastKnownFileType = text.plist.xml; path = Info.plist; sourceTree = "<group>"; };
/* End PBXFileReference section */

/* Begin PBXFrameworksBuildPhase section */
		6477D93328176CD3003DE696 /* Frameworks */ = {
			isa = PBXFrameworksBuildPhase;
			buildActionMask = 2147483647;
			files = (
			);
			runOnlyForDeploymentPostprocessing = 0;
		};
/* End PBXFrameworksBuildPhase section */

/* Begin PBXGroup section */
		6477D92D28176CD3003DE696 = {
			isa = PBXGroup;
			children = (
				6477D93828176CD3003DE696 /* seletor_de_cores */,
				6477D93728176CD3003DE696 /* Products */,
			);
			sourceTree = "<group>";
		};
		6477D93728176CD3003DE696 /* Products */ = {
			isa = PBXGroup;
			children = (
				6477D93628176CD3003DE696 /* seletor_de_cores.app */,
			);
			name = Products;
			sourceTree = "<group>";
		};
		6477D93828176CD3003DE696 /* seletor_de_cores */ = {
			isa = PBXGroup;
			children = (
				6477D93928176CD3003DE696 /* AppDelegate.swift */,
				6477D93B28176CD3003DE696 /* SceneDelegate.swift */,
				6477D93D28176CD3003DE696 /* ViewController.swift */,
				6477D93F28176CD3003DE696 /* Main.storyboard */,
				6477D94228176CD7003DE696 /* Assets.xcassets */,
				6477D94428176CD7003DE696 /* LaunchScreen.storyboard */,
				6477D94728176CD7003DE696 /* Info.plist */,
			);
			path = seletor_de_cores;
			sourceTree = "<group>";
		};
/* End PBXGroup section */

/* Begin PBXNativeTarget section */
		6477D93528176CD3003DE696 /* seletor_de_cores */ = {
			isa = PBXNativeTarget;
			buildConfigurationList = 6477D94A28176CD7003DE696 /* Build configuration list for PBXNativeTarget "seletor_de_cores" */;
			buildPhases = (
				6477D93228176CD3003DE696 /* Sources */,
				6477D93328176CD3003DE696 /* Frameworks */,
				6477D93428176CD3003DE696 /* Resources */,
			);
			buildRules = (
			);
			dependencies = (
			);
			name = seletor_de_cores;
			productName = seletor_de_cores;
			productReference = 6477D93628176CD3003DE696 /* seletor_de_cores.app */;
			productType = "com.apple.product-type.application";
		};
/* End PBXNativeTarget section */

/* Begin PBXProject section */
		6477D92E28176CD3003DE696 /* Project object */ = {
			isa = PBXProject;
			attributes = {
				LastSwiftUpdateCheck = 1130;
				LastUpgradeCheck = 1130;
				ORGANIZATIONNAME = Aluno02;
				TargetAttributes = {
					6477D93528176CD3003DE696 = {
						CreatedOnToolsVersion = 11.3;
					};
				};
			};
			buildConfigurationList = 6477D93128176CD3003DE696 /* Build configuration list for PBXProject "seletor_de_cores" */;
			compatibilityVersion = "Xcode 9.3";
			developmentRegion = en;
			hasScannedForEncodings = 0;
			knownRegions = (
				en,
				Base,
			);
			mainGroup = 6477D92D28176CD3003DE696;
			productRefGroup = 6477D93728176CD3003DE696 /* Products */;
			projectDirPath = "";
			projectRoot = "";
			targets = (
				6477D93528176CD3003DE696 /* seletor_de_cores */,
			);
		};
/* End PBXProject section */

/* Begin PBXResourcesBuildPhase section */
		6477D93428176CD3003DE696 /* Resources */ = {
			isa = PBXResourcesBuildPhase;
			buildActionMask = 2147483647;
			files = (
				6477D94628176CD7003DE696 /* LaunchScreen.storyboard in Resources */,
				6477D94328176CD7003DE696 /* Assets.xcassets in Resources */,
				6477D94128176CD3003DE696 /* Main.storyboard in Resources */,
			);
			runOnlyForDeploymentPostprocessing = 0;
		};
/* End PBXResourcesBuildPhase section */

/* Begin PBXSourcesBuildPhase section */
		6477D93228176CD3003DE696 /* Sources */ = {
			isa = PBXSourcesBuildPhase;
			buildActionMask = 2147483647;
			files = (
				6477D93E28176CD3003DE696 /* ViewController.swift in Sources */,
				6477D93A28176CD3003DE696 /* AppDelegate.swift in Sources */,
				6477D93C28176CD3003DE696 /* SceneDelegate.swift in Sources */,
			);
			runOnlyForDeploymentPostprocessing = 0;
		};
/* End PBXSourcesBuildPhase section */

/* Begin PBXVariantGroup section */
		6477D93F28176CD3003DE696 /* Main.storyboard */ = {
			isa = PBXVariantGroup;
			children = (
				6477D94028176CD3003DE696 /* Base */,
			);
			name = Main.storyboard;
			sourceTree = "<group>";
		};
		6477D94428176CD7003DE696 /* LaunchScreen.storyboard */ = {
			isa = PBXVariantGroup;
			children = (
				6477D94528176CD7003DE696 /* Base */,
			);
			name = LaunchScreen.storyboard;
			sourceTree = "<group>";
		};
/* End PBXVariantGroup section */

/* Begin XCBuildConfiguration section */
		6477D94828176CD7003DE696 /* Debug */ = {
			isa = XCBuildConfiguration;
			buildSettings = {
				ALWAYS_SEARCH_USER_PATHS = NO;
				CLANG_ANALYZER_NONNULL = YES;
				CLANG_ANALYZER_NUMBER_OBJECT_CONVERSION = YES_AGGRESSIVE;
				CLANG_CXX_LANGUAGE_STANDARD = "gnu++14";
				CLANG_CXX_LIBRARY = "libc++";
				CLANG_ENABLE_MODULES = YES;
				CLANG_ENABLE_OBJC_ARC = YES;
				CLANG_ENABLE_OBJC_WEAK = YES;
				CLANG_WARN_BLOCK_CAPTURE_AUTORELEASING = YES;
				CLANG_WARN_BOOL_CONVERSION = YES;
				CLANG_WARN_COMMA = YES;
				CLANG_WARN_CONSTANT_CONVERSION = YES;
				CLANG_WARN_DEPRECATED_OBJC_IMPLEMENTATIONS = YES;
				CLANG_WARN_DIRECT_OBJC_ISA_USAGE = YES_ERROR;
				CLANG_WARN_DOCUMENTATION_COMMENTS = YES;
				CLANG_WARN_EMPTY_BODY = YES;
				CLANG_WARN_ENUM_CONVERSION = YES;
				CLANG_WARN_INFINITE_RECURSION = YES;
				CLANG_WARN_INT_CONVERSION = YES;
				CLANG_WARN_NON_LITERAL_NULL_CONVERSION = YES;
				CLANG_WARN_OBJC_IMPLICIT_RETAIN_SELF = YES;
				CLANG_WARN_OBJC_LITERAL_CONVERSION = YES;
				CLANG_WARN_OBJC_ROOT_CLASS = YES_ERROR;
				CLANG_WARN_RANGE_LOOP_ANALYSIS = YES;
				CLANG_WARN_STRICT_PROTOTYPES = YES;
				CLANG_WARN_SUSPICIOUS_MOVE = YES;
				CLANG_WARN_UNGUARDED_AVAILABILITY = YES_AGGRESSIVE;
				CLANG_WARN_UNREACHABLE_CODE = YES;
				CLANG_WARN__DUPLICATE_METHOD_MATCH = YES;
				COPY_PHASE_STRIP = NO;
				DEBUG_INFORMATION_FORMAT = dwarf;
				ENABLE_STRICT_OBJC_MSGSEND = YES;
				ENABLE_TESTABILITY = YES;
				GCC_C_LANGUAGE_STANDARD = gnu11;
				GCC_DYNAMIC_NO_PIC = NO;
				GCC_NO_COMMON_BLOCKS = YES;
				GCC_OPTIMIZATION_LEVEL = 0;
				GCC_PREPROCESSOR_DEFINITIONS = (
					"DEBUG=1",
					"$(inherited)",
				);
				GCC_WARN_64_TO_32_BIT_CONVERSION = YES;
				GCC_WARN_ABOUT_RETURN_TYPE = YES_ERROR;
				GCC_WARN_UNDECLARED_SELECTOR = YES;
				GCC_WARN_UNINITIALIZED_AUTOS = YES_AGGRESSIVE;
				GCC_WARN_UNUSED_FUNCTION = YES;
				GCC_WARN_UNUSED_VARIABLE = YES;
				IPHONEOS_DEPLOYMENT_TARGET = 13.2;
				MTL_ENABLE_DEBUG_INFO = INCLUDE_SOURCE;
				MTL_FAST_MATH = YES;
				ONLY_ACTIVE_ARCH = YES;
				SDKROOT = iphoneos;
				SWIFT_ACTIVE_COMPILATION_CONDITIONS = DEBUG;
				SWIFT_OPTIMIZATION_LEVEL = "-Onone";
			};
			name = Debug;
		};
		6477D94928176CD7003DE696 /* Release */ = {
			isa = XCBuildConfiguration;
			buildSettings = {
				ALWAYS_SEARCH_USER_PATHS = NO;
				CLANG_ANALYZER_NONNULL = YES;
				CLANG_ANALYZER_NUMBER_OBJECT_CONVERSION = YES_AGGRESSIVE;
				CLANG_CXX_LANGUAGE_STANDARD = "gnu++14";
				CLANG_CXX_LIBRARY = "libc++";
				CLANG_ENABLE_MODULES = YES;
				CLANG_ENABLE_OBJC_ARC = YES;
				CLANG_ENABLE_OBJC_WEAK = YES;
				CLANG_WARN_BLOCK_CAPTURE_AUTORELEASING = YES;
				CLANG_WARN_BOOL_CONVERSION = YES;
				CLANG_WARN_COMMA = YES;
				CLANG_WARN_CONSTANT_CONVERSION = YES;
				CLANG_WARN_DEPRECATED_OBJC_IMPLEMENTATIONS = YES;
				CLANG_WARN_DIRECT_OBJC_ISA_USAGE = YES_ERROR;
				CLANG_WARN_DOCUMENTATION_COMMENTS = YES;
				CLANG_WARN_EMPTY_BODY = YES;
				CLANG_WARN_ENUM_CONVERSION = YES;
				CLANG_WARN_INFINITE_RECURSION = YES;
				CLANG_WARN_INT_CONVERSION = YES;
				CLANG_WARN_NON_LITERAL_NULL_CONVERSION = YES;
				CLANG_WARN_OBJC_IMPLICIT_RETAIN_SELF = YES;
				CLANG_WARN_OBJC_LITERAL_CONVERSION = YES;
				CLANG_WARN_OBJC_ROOT_CLASS = YES_ERROR;
				CLANG_WARN_RANGE_LOOP_ANALYSIS = YES;
				CLANG_WARN_STRICT_PROTOTYPES = YES;
				CLANG_WARN_SUSPICIOUS_MOVE = YES;
				CLANG_WARN_UNGUARDED_AVAILABILITY = YES_AGGRESSIVE;
				CLANG_WARN_UNREACHABLE_CODE = YES;
				CLANG_WARN__DUPLICATE_METHOD_MATCH = YES;
				COPY_PHASE_STRIP = NO;
				DEBUG_INFORMATION_FORMAT = "dwarf-with-dsym";
				ENABLE_NS_ASSERTIONS = NO;
				ENABLE_STRICT_OBJC_MSGSEND = YES;
				GCC_C_LANGUAGE_STANDARD = gnu11;
				GCC_NO_COMMON_BLOCKS = YES;
				GCC_WARN_64_TO_32_BIT_CONVERSION = YES;
				GCC_WARN_ABOUT_RETURN_TYPE = YES_ERROR;
				GCC_WARN_UNDECLARED_SELECTOR = YES;
				GCC_WARN_UNINITIALIZED_AUTOS = YES_AGGRESSIVE;
				GCC_WARN_UNUSED_FUNCTION = YES;
				GCC_WARN_UNUSED_VARIABLE = YES;
				IPHONEOS_DEPLOYMENT_TARGET = 13.2;
				MTL_ENABLE_DEBUG_INFO = NO;
				MTL_FAST_MATH = YES;
				SDKROOT = iphoneos;
				SWIFT_COMPILATION_MODE = wholemodule;
				SWIFT_OPTIMIZATION_LEVEL = "-O";
				VALIDATE_PRODUCT = YES;
			};
			name = Release;
		};
		6477D94B28176CD7003DE696 /* Debug */ = {
			isa = XCBuildConfiguration;
			buildSettings = {
				ASSETCATALOG_COMPILER_APPICON_NAME = AppIcon;
				CODE_SIGN_STYLE = Automatic;
				DEVELOPMENT_TEAM = 4SZ8G6ZU2T;
				INFOPLIST_FILE = seletor_de_cores/Info.plist;
				LD_RUNPATH_SEARCH_PATHS = (
					"$(inherited)",
					"@executable_path/Frameworks",
				);
				PRODUCT_BUNDLE_IDENTIFIER = "explorations.eldorado.seletor-de-cores";
				PRODUCT_NAME = "$(TARGET_NAME)";
				SWIFT_VERSION = 5.0;
				TARGETED_DEVICE_FAMILY = "1,2";
			};
			name = Debug;
		};
		6477D94C28176CD7003DE696 /* Release */ = {
			isa = XCBuildConfiguration;
			buildSettings = {
				ASSETCATALOG_COMPILER_APPICON_NAME = AppIcon;
				CODE_SIGN_STYLE = Automatic;
				DEVELOPMENT_TEAM = 4SZ8G6ZU2T;
				INFOPLIST_FILE = seletor_de_cores/Info.plist;
				LD_RUNPATH_SEARCH_PATHS = (
					"$(inherited)",
					"@executable_path/Frameworks",
				);
				PRODUCT_BUNDLE_IDENTIFIER = "explorations.eldorado.seletor-de-cores";
				PRODUCT_NAME = "$(TARGET_NAME)";
				SWIFT_VERSION = 5.0;
				TARGETED_DEVICE_FAMILY = "1,2";
			};
			name = Release;
		};
/* End XCBuildConfiguration section */

/* Begin XCConfigurationList section */
		6477D93128176CD3003DE696 /* Build configuration list for PBXProject "seletor_de_cores" */ = {
			isa = XCConfigurationList;
			buildConfigurations = (
				6477D94828176CD7003DE696 /* Debug */,
				6477D94928176CD7003DE696 /* Release */,
			);
			defaultConfigurationIsVisible = 0;
			defaultConfigurationName = Release;
		};
		6477D94A28176CD7003DE696 /* Build configuration list for PBXNativeTarget "seletor_de_cores" */ = {
			isa = XCConfigurationList;
			buildConfigurations = (
				6477D94B28176CD7003DE696 /* Debug */,
				6477D94C28176CD7003DE696 /* Release */,
			);
			defaultConfigurationIsVisible = 0;
			defaultConfigurationName = Release;
		};
/* End XCConfigurationList section */
	};
	rootObject = 6477D92E28176CD3003DE696 /* Project object */;
}
